// !$*UTF8*$!
{
	archiveVersion = 1;
	classes = {
	};
	objectVersion = 56;
	objects = {

/* Begin PBXBuildFile section */
		711B1B802B89B03400249C7E /* GridGeneratorApp.swift in Sources */ = {isa = PBXBuildFile; fileRef = 711B1B7F2B89B03400249C7E /* GridGeneratorApp.swift */; };
		711B1B822B89B03400249C7E /* ContentView.swift in Sources */ = {isa = PBXBuildFile; fileRef = 711B1B812B89B03400249C7E /* ContentView.swift */; };
		711B1B842B89B03500249C7E /* Assets.xcassets in Resources */ = {isa = PBXBuildFile; fileRef = 711B1B832B89B03500249C7E /* Assets.xcassets */; };
		711B1B872B89B03500249C7E /* Preview Assets.xcassets in Resources */ = {isa = PBXBuildFile; fileRef = 711B1B862B89B03500249C7E /* Preview Assets.xcassets */; };
		711B1B922B89CA8A00249C7E /* SymbolsLoader.swift in Sources */ = {isa = PBXBuildFile; fileRef = 711B1B912B89CA8A00249C7E /* SymbolsLoader.swift */; };
		711B1B952B89CAC600249C7E /* SymbolsPicker.swift in Sources */ = {isa = PBXBuildFile; fileRef = 711B1B942B89CAC600249C7E /* SymbolsPicker.swift */; };
		711B1B982B89CAE600249C7E /* SearchBar.swift in Sources */ = {isa = PBXBuildFile; fileRef = 711B1B972B89CAE600249C7E /* SearchBar.swift */; };
		711B1B9A2B89CB1000249C7E /* SymbolIcon.swift in Sources */ = {isa = PBXBuildFile; fileRef = 711B1B992B89CB1000249C7E /* SymbolIcon.swift */; };
		711B1BA12B89D7EF00249C7E /* RandomSFSymbolsBackground.swift in Sources */ = {isa = PBXBuildFile; fileRef = 711B1BA02B89D7EF00249C7E /* RandomSFSymbolsBackground.swift */; };
		711B1BA42B89D80B00249C7E /* SelectedSymbolsView.swift in Sources */ = {isa = PBXBuildFile; fileRef = 711B1BA32B89D80B00249C7E /* SelectedSymbolsView.swift */; };
/* End PBXBuildFile section */

/* Begin PBXFileReference section */
		711B1B7C2B89B03400249C7E /* GridGenerator.app */ = {isa = PBXFileReference; explicitFileType = wrapper.application; includeInIndex = 0; path = GridGenerator.app; sourceTree = BUILT_PRODUCTS_DIR; };
		711B1B7F2B89B03400249C7E /* GridGeneratorApp.swift */ = {isa = PBXFileReference; lastKnownFileType = sourcecode.swift; path = GridGeneratorApp.swift; sourceTree = "<group>"; };
		711B1B812B89B03400249C7E /* ContentView.swift */ = {isa = PBXFileReference; lastKnownFileType = sourcecode.swift; path = ContentView.swift; sourceTree = "<group>"; };
		711B1B832B89B03500249C7E /* Assets.xcassets */ = {isa = PBXFileReference; lastKnownFileType = folder.assetcatalog; path = Assets.xcassets; sourceTree = "<group>"; };
		711B1B862B89B03500249C7E /* Preview Assets.xcassets */ = {isa = PBXFileReference; lastKnownFileType = folder.assetcatalog; path = "Preview Assets.xcassets"; sourceTree = "<group>"; };
		711B1B882B89B03500249C7E /* GridGenerator.entitlements */ = {isa = PBXFileReference; lastKnownFileType = text.plist.entitlements; path = GridGenerator.entitlements; sourceTree = "<group>"; };
		711B1B912B89CA8A00249C7E /* SymbolsLoader.swift */ = {isa = PBXFileReference; lastKnownFileType = sourcecode.swift; path = SymbolsLoader.swift; sourceTree = "<group>"; };
		711B1B942B89CAC600249C7E /* SymbolsPicker.swift */ = {isa = PBXFileReference; lastKnownFileType = sourcecode.swift; path = SymbolsPicker.swift; sourceTree = "<group>"; };
		711B1B972B89CAE600249C7E /* SearchBar.swift */ = {isa = PBXFileReference; lastKnownFileType = sourcecode.swift; path = SearchBar.swift; sourceTree = "<group>"; };
		711B1B992B89CB1000249C7E /* SymbolIcon.swift */ = {isa = PBXFileReference; lastKnownFileType = sourcecode.swift; path = SymbolIcon.swift; sourceTree = "<group>"; };
		711B1BA02B89D7EF00249C7E /* RandomSFSymbolsBackground.swift */ = {isa = PBXFileReference; lastKnownFileType = sourcecode.swift; path = RandomSFSymbolsBackground.swift; sourceTree = "<group>"; };
		711B1BA32B89D80B00249C7E /* SelectedSymbolsView.swift */ = {isa = PBXFileReference; lastKnownFileType = sourcecode.swift; path = SelectedSymbolsView.swift; sourceTree = "<group>"; };
/* End PBXFileReference section */

/* Begin PBXFrameworksBuildPhase section */
		711B1B792B89B03400249C7E /* Frameworks */ = {
			isa = PBXFrameworksBuildPhase;
			buildActionMask = 2147483647;
			files = (
			);
			runOnlyForDeploymentPostprocessing = 0;
		};
/* End PBXFrameworksBuildPhase section */

/* Begin PBXGroup section */
		711B1B732B89B03400249C7E = {
			isa = PBXGroup;
			children = (
				711B1B7E2B89B03400249C7E /* GridGenerator */,
				711B1B7D2B89B03400249C7E /* Products */,
			);
			sourceTree = "<group>";
		};
		711B1B7D2B89B03400249C7E /* Products */ = {
			isa = PBXGroup;
			children = (
				711B1B7C2B89B03400249C7E /* GridGenerator.app */,
			);
			name = Products;
			sourceTree = "<group>";
		};
		711B1B7E2B89B03400249C7E /* GridGenerator */ = {
			isa = PBXGroup;
			children = (
				711B1B962B89CADF00249C7E /* View */,
				711B1B932B89CAB200249C7E /* Model */,
				711B1B7F2B89B03400249C7E /* GridGeneratorApp.swift */,
				711B1B812B89B03400249C7E /* ContentView.swift */,
				711B1B832B89B03500249C7E /* Assets.xcassets */,
				711B1B882B89B03500249C7E /* GridGenerator.entitlements */,
				711B1B852B89B03500249C7E /* Preview Content */,
			);
			path = GridGenerator;
			sourceTree = "<group>";
		};
		711B1B852B89B03500249C7E /* Preview Content */ = {
			isa = PBXGroup;
			children = (
				711B1B862B89B03500249C7E /* Preview Assets.xcassets */,
			);
			path = "Preview Content";
			sourceTree = "<group>";
		};
		711B1B932B89CAB200249C7E /* Model */ = {
			isa = PBXGroup;
			children = (
				711B1B912B89CA8A00249C7E /* SymbolsLoader.swift */,
			);
			path = Model;
			sourceTree = "<group>";
		};
		711B1B962B89CADF00249C7E /* View */ = {
			isa = PBXGroup;
			children = (
				711B1BA22B89D7F500249C7E /* SymbolPicker */,
				711B1BA02B89D7EF00249C7E /* RandomSFSymbolsBackground.swift */,
				711B1BA32B89D80B00249C7E /* SelectedSymbolsView.swift */,
			);
			path = View;
			sourceTree = "<group>";
		};
		711B1BA22B89D7F500249C7E /* SymbolPicker */ = {
			isa = PBXGroup;
			children = (
				711B1B942B89CAC600249C7E /* SymbolsPicker.swift */,
				711B1B972B89CAE600249C7E /* SearchBar.swift */,
				711B1B992B89CB1000249C7E /* SymbolIcon.swift */,
			);
			path = SymbolPicker;
			sourceTree = "<group>";
		};
/* End PBXGroup section */

/* Begin PBXNativeTarget section */
		711B1B7B2B89B03400249C7E /* GridGenerator */ = {
			isa = PBXNativeTarget;
			buildConfigurationList = 711B1B8B2B89B03500249C7E /* Build configuration list for PBXNativeTarget "GridGenerator" */;
			buildPhases = (
				711B1B782B89B03400249C7E /* Sources */,
				711B1B792B89B03400249C7E /* Frameworks */,
				711B1B7A2B89B03400249C7E /* Resources */,
			);
			buildRules = (
			);
			dependencies = (
			);
			name = GridGenerator;
			packageProductDependencies = (
			);
			productName = GridGenerator;
			productReference = 711B1B7C2B89B03400249C7E /* GridGenerator.app */;
			productType = "com.apple.product-type.application";
		};
/* End PBXNativeTarget section */

/* Begin PBXProject section */
		711B1B742B89B03400249C7E /* Project object */ = {
			isa = PBXProject;
			attributes = {
				BuildIndependentTargetsInParallel = 1;
				LastSwiftUpdateCheck = 1520;
				LastUpgradeCheck = 1520;
				TargetAttributes = {
					711B1B7B2B89B03400249C7E = {
						CreatedOnToolsVersion = 15.2;
					};
				};
			};
			buildConfigurationList = 711B1B772B89B03400249C7E /* Build configuration list for PBXProject "GridGenerator" */;
			compatibilityVersion = "Xcode 14.0";
			developmentRegion = en;
			hasScannedForEncodings = 0;
			knownRegions = (
				en,
				Base,
			);
			mainGroup = 711B1B732B89B03400249C7E;
			packageReferences = (
			);
			productRefGroup = 711B1B7D2B89B03400249C7E /* Products */;
			projectDirPath = "";
			projectRoot = "";
			targets = (
				711B1B7B2B89B03400249C7E /* GridGenerator */,
			);
		};
/* End PBXProject section */

/* Begin PBXResourcesBuildPhase section */
		711B1B7A2B89B03400249C7E /* Resources */ = {
			isa = PBXResourcesBuildPhase;
			buildActionMask = 2147483647;
			files = (
				711B1B872B89B03500249C7E /* Preview Assets.xcassets in Resources */,
				711B1B842B89B03500249C7E /* Assets.xcassets in Resources */,
			);
			runOnlyForDeploymentPostprocessing = 0;
		};
/* End PBXResourcesBuildPhase section */

/* Begin PBXSourcesBuildPhase section */
		711B1B782B89B03400249C7E /* Sources */ = {
			isa = PBXSourcesBuildPhase;
			buildActionMask = 2147483647;
			files = (
				711B1B9A2B89CB1000249C7E /* SymbolIcon.swift in Sources */,
				711B1BA42B89D80B00249C7E /* SelectedSymbolsView.swift in Sources */,
				711B1BA12B89D7EF00249C7E /* RandomSFSymbolsBackground.swift in Sources */,
				711B1B822B89B03400249C7E /* ContentView.swift in Sources */,
				711B1B952B89CAC600249C7E /* SymbolsPicker.swift in Sources */,
				711B1B982B89CAE600249C7E /* SearchBar.swift in Sources */,
				711B1B922B89CA8A00249C7E /* SymbolsLoader.swift in Sources */,
				711B1B802B89B03400249C7E /* GridGeneratorApp.swift in Sources */,
			);
			runOnlyForDeploymentPostprocessing = 0;
		};
/* End PBXSourcesBuildPhase section */

/* Begin XCBuildConfiguration section */
		711B1B892B89B03500249C7E /* Debug */ = {
			isa = XCBuildConfiguration;
			buildSettings = {
				ALWAYS_SEARCH_USER_PATHS = NO;
				ASSETCATALOG_COMPILER_GENERATE_SWIFT_ASSET_SYMBOL_EXTENSIONS = YES;
				CLANG_ANALYZER_NONNULL = YES;
				CLANG_ANALYZER_NUMBER_OBJECT_CONVERSION = YES_AGGRESSIVE;
				CLANG_CXX_LANGUAGE_STANDARD = "gnu++20";
				CLANG_ENABLE_MODULES = YES;
				CLANG_ENABLE_OBJC_ARC = YES;
				CLANG_ENABLE_OBJC_WEAK = YES;
				CLANG_WARN_BLOCK_CAPTURE_AUTORELEASING = YES;
				CLANG_WARN_BOOL_CONVERSION = YES;
				CLANG_WARN_COMMA = YES;
				CLANG_WARN_CONSTANT_CONVERSION = YES;
				CLANG_WARN_DEPRECATED_OBJC_IMPLEMENTATIONS = YES;
				CLANG_WARN_DIRECT_OBJC_ISA_USAGE = YES_ERROR;
				CLANG_WARN_DOCUMENTATION_COMMENTS = YES;
				CLANG_WARN_EMPTY_BODY = YES;
				CLANG_WARN_ENUM_CONVERSION = YES;
				CLANG_WARN_INFINITE_RECURSION = YES;
				CLANG_WARN_INT_CONVERSION = YES;
				CLANG_WARN_NON_LITERAL_NULL_CONVERSION = YES;
				CLANG_WARN_OBJC_IMPLICIT_RETAIN_SELF = YES;
				CLANG_WARN_OBJC_LITERAL_CONVERSION = YES;
				CLANG_WARN_OBJC_ROOT_CLASS = YES_ERROR;
				CLANG_WARN_QUOTED_INCLUDE_IN_FRAMEWORK_HEADER = YES;
				CLANG_WARN_RANGE_LOOP_ANALYSIS = YES;
				CLANG_WARN_STRICT_PROTOTYPES = YES;
				CLANG_WARN_SUSPICIOUS_MOVE = YES;
				CLANG_WARN_UNGUARDED_AVAILABILITY = YES_AGGRESSIVE;
				CLANG_WARN_UNREACHABLE_CODE = YES;
				CLANG_WARN__DUPLICATE_METHOD_MATCH = YES;
				COPY_PHASE_STRIP = NO;
				DEBUG_INFORMATION_FORMAT = dwarf;
				ENABLE_STRICT_OBJC_MSGSEND = YES;
				ENABLE_TESTABILITY = YES;
				ENABLE_USER_SCRIPT_SANDBOXING = YES;
				GCC_C_LANGUAGE_STANDARD = gnu17;
				GCC_DYNAMIC_NO_PIC = NO;
				GCC_NO_COMMON_BLOCKS = YES;
				GCC_OPTIMIZATION_LEVEL = 0;
				GCC_PREPROCESSOR_DEFINITIONS = (
					"DEBUG=1",
					"$(inherited)",
				);
				GCC_WARN_64_TO_32_BIT_CONVERSION = YES;
				GCC_WARN_ABOUT_RETURN_TYPE = YES_ERROR;
				GCC_WARN_UNDECLARED_SELECTOR = YES;
				GCC_WARN_UNINITIALIZED_AUTOS = YES_AGGRESSIVE;
				GCC_WARN_UNUSED_FUNCTION = YES;
				GCC_WARN_UNUSED_VARIABLE = YES;
				LOCALIZATION_PREFERS_STRING_CATALOGS = YES;
				MACOSX_DEPLOYMENT_TARGET = 14.2;
				MTL_ENABLE_DEBUG_INFO = INCLUDE_SOURCE;
				MTL_FAST_MATH = YES;
				ONLY_ACTIVE_ARCH = YES;
				SDKROOT = macosx;
				SWIFT_ACTIVE_COMPILATION_CONDITIONS = "DEBUG $(inherited)";
				SWIFT_OPTIMIZATION_LEVEL = "-Onone";
			};
			name = Debug;
		};
		711B1B8A2B89B03500249C7E /* Release */ = {
			isa = XCBuildConfiguration;
			buildSettings = {
				ALWAYS_SEARCH_USER_PATHS = NO;
				ASSETCATALOG_COMPILER_GENERATE_SWIFT_ASSET_SYMBOL_EXTENSIONS = YES;
				CLANG_ANALYZER_NONNULL = YES;
				CLANG_ANALYZER_NUMBER_OBJECT_CONVERSION = YES_AGGRESSIVE;
				CLANG_CXX_LANGUAGE_STANDARD = "gnu++20";
				CLANG_ENABLE_MODULES = YES;
				CLANG_ENABLE_OBJC_ARC = YES;
				CLANG_ENABLE_OBJC_WEAK = YES;
				CLANG_WARN_BLOCK_CAPTURE_AUTORELEASING = YES;
				CLANG_WARN_BOOL_CONVERSION = YES;
				CLANG_WARN_COMMA = YES;
				CLANG_WARN_CONSTANT_CONVERSION = YES;
				CLANG_WARN_DEPRECATED_OBJC_IMPLEMENTATIONS = YES;
				CLANG_WARN_DIRECT_OBJC_ISA_USAGE = YES_ERROR;
				CLANG_WARN_DOCUMENTATION_COMMENTS = YES;
				CLANG_WARN_EMPTY_BODY = YES;
				CLANG_WARN_ENUM_CONVERSION = YES;
				CLANG_WARN_INFINITE_RECURSION = YES;
				CLANG_WARN_INT_CONVERSION = YES;
				CLANG_WARN_NON_LITERAL_NULL_CONVERSION = YES;
				CLANG_WARN_OBJC_IMPLICIT_RETAIN_SELF = YES;
				CLANG_WARN_OBJC_LITERAL_CONVERSION = YES;
				CLANG_WARN_OBJC_ROOT_CLASS = YES_ERROR;
				CLANG_WARN_QUOTED_INCLUDE_IN_FRAMEWORK_HEADER = YES;
				CLANG_WARN_RANGE_LOOP_ANALYSIS = YES;
				CLANG_WARN_STRICT_PROTOTYPES = YES;
				CLANG_WARN_SUSPICIOUS_MOVE = YES;
				CLANG_WARN_UNGUARDED_AVAILABILITY = YES_AGGRESSIVE;
				CLANG_WARN_UNREACHABLE_CODE = YES;
				CLANG_WARN__DUPLICATE_METHOD_MATCH = YES;
				COPY_PHASE_STRIP = NO;
				DEBUG_INFORMATION_FORMAT = "dwarf-with-dsym";
				ENABLE_NS_ASSERTIONS = NO;
				ENABLE_STRICT_OBJC_MSGSEND = YES;
				ENABLE_USER_SCRIPT_SANDBOXING = YES;
				GCC_C_LANGUAGE_STANDARD = gnu17;
				GCC_NO_COMMON_BLOCKS = YES;
				GCC_WARN_64_TO_32_BIT_CONVERSION = YES;
				GCC_WARN_ABOUT_RETURN_TYPE = YES_ERROR;
				GCC_WARN_UNDECLARED_SELECTOR = YES;
				GCC_WARN_UNINITIALIZED_AUTOS = YES_AGGRESSIVE;
				GCC_WARN_UNUSED_FUNCTION = YES;
				GCC_WARN_UNUSED_VARIABLE = YES;
				LOCALIZATION_PREFERS_STRING_CATALOGS = YES;
				MACOSX_DEPLOYMENT_TARGET = 14.2;
				MTL_ENABLE_DEBUG_INFO = NO;
				MTL_FAST_MATH = YES;
				SDKROOT = macosx;
				SWIFT_COMPILATION_MODE = wholemodule;
			};
			name = Release;
		};
		711B1B8C2B89B03500249C7E /* Debug */ = {
			isa = XCBuildConfiguration;
			buildSettings = {
				ASSETCATALOG_COMPILER_APPICON_NAME = AppIcon;
				ASSETCATALOG_COMPILER_GLOBAL_ACCENT_COLOR_NAME = AccentColor;
				CODE_SIGN_ENTITLEMENTS = GridGenerator/GridGenerator.entitlements;
				CODE_SIGN_STYLE = Automatic;
				COMBINE_HIDPI_IMAGES = YES;
				CURRENT_PROJECT_VERSION = 1;
				DEVELOPMENT_ASSET_PATHS = "\"GridGenerator/Preview Content\"";
				DEVELOPMENT_TEAM = 86W8SMN64A;
				ENABLE_HARDENED_RUNTIME = YES;
				ENABLE_PREVIEWS = YES;
				GENERATE_INFOPLIST_FILE = YES;
				INFOPLIST_KEY_NSHumanReadableCopyright = "";
				LD_RUNPATH_SEARCH_PATHS = (
					"$(inherited)",
					"@executable_path/../Frameworks",
				);
				MARKETING_VERSION = 1.0;
				PRODUCT_BUNDLE_IDENTIFIER = ua.multi.MultiApp.GridGenerator;
				PRODUCT_NAME = "$(TARGET_NAME)";
				SWIFT_EMIT_LOC_STRINGS = YES;
				SWIFT_VERSION = 5.0;
			};
			name = Debug;
		};
		711B1B8D2B89B03500249C7E /* Release */ = {
			isa = XCBuildConfiguration;
			buildSettings = {
				ASSETCATALOG_COMPILER_APPICON_NAME = AppIcon;
				ASSETCATALOG_COMPILER_GLOBAL_ACCENT_COLOR_NAME = AccentColor;
				CODE_SIGN_ENTITLEMENTS = GridGenerator/GridGenerator.entitlements;
				CODE_SIGN_STYLE = Automatic;
				COMBINE_HIDPI_IMAGES = YES;
				CURRENT_PROJECT_VERSION = 1;
				DEVELOPMENT_ASSET_PATHS = "\"GridGenerator/Preview Content\"";
				DEVELOPMENT_TEAM = 86W8SMN64A;
				ENABLE_HARDENED_RUNTIME = YES;
				ENABLE_PREVIEWS = YES;
				GENERATE_INFOPLIST_FILE = YES;
				INFOPLIST_KEY_NSHumanReadableCopyright = "";
				LD_RUNPATH_SEARCH_PATHS = (
					"$(inherited)",
					"@executable_path/../Frameworks",
				);
				MARKETING_VERSION = 1.0;
				PRODUCT_BUNDLE_IDENTIFIER = ua.multi.MultiApp.GridGenerator;
				PRODUCT_NAME = "$(TARGET_NAME)";
				SWIFT_EMIT_LOC_STRINGS = YES;
				SWIFT_VERSION = 5.0;
			};
			name = Release;
		};
/* End XCBuildConfiguration section */

/* Begin XCConfigurationList section */
		711B1B772B89B03400249C7E /* Build configuration list for PBXProject "GridGenerator" */ = {
			isa = XCConfigurationList;
			buildConfigurations = (
				711B1B892B89B03500249C7E /* Debug */,
				711B1B8A2B89B03500249C7E /* Release */,
			);
			defaultConfigurationIsVisible = 0;
			defaultConfigurationName = Release;
		};
		711B1B8B2B89B03500249C7E /* Build configuration list for PBXNativeTarget "GridGenerator" */ = {
			isa = XCConfigurationList;
			buildConfigurations = (
				711B1B8C2B89B03500249C7E /* Debug */,
				711B1B8D2B89B03500249C7E /* Release */,
			);
			defaultConfigurationIsVisible = 0;
			defaultConfigurationName = Release;
		};
/* End XCConfigurationList section */
	};
	rootObject = 711B1B742B89B03400249C7E /* Project object */;
}
